---
pam::pam_auth_lines:
  - 'auth        required      pam_env.so'
  - 'auth        required      pam_faillock.so preauth silent audit deny=5 unlock_time=900'
  - 'auth        sufficient    pam_unix.so try_first_pass nullok'
  - 'auth        [default=die] pam_faillock.so authfail audit deny=5 unlock_time=900'
  - 'auth        required      pam_deny.so'
pam::pam_account_lines:
  - 'account     required      pam_faillock.so'
  - 'account     required      pam_unix.so'
pam::pam_password_auth_lines:
  - 'auth        required      pam_env.so'
  - 'auth        required      pam_faillock.so preauth silent audit deny=5 unlock_time=900'
  - 'auth        sufficient    pam_unix.so try_first_pass nullok'
  - 'auth        [default=die] pam_faillock.so authfail audit deny=5 unlock_time=900'
  - 'auth        required      pam_deny.so'
pam::pam_password_account_lines:
  - 'account     required      pam_faillock.so'
  - 'account     required      pam_unix.so'
